{
  "version": 4,
  "terraform_version": "1.6.4",
  "serial": 53,
  "lineage": "d845c3d5-72ab-b0d4-41a8-a1cb6e5cb5af",
  "outputs": {},
  "resources": [
    {
      "mode": "managed",
      "type": "google_container_cluster",
      "name": "k8s_cluster",
      "provider": "provider[\"registry.terraform.io/hashicorp/google\"]",
      "instances": [
        {
          "index_key": 0,
          "schema_version": 2,
          "attributes": {
            "addons_config": [
              {
                "cloudrun_config": [],
                "config_connector_config": [],
                "dns_cache_config": [],
                "gce_persistent_disk_csi_driver_config": [
                  {
                    "enabled": true
                  }
                ],
                "gcp_filestore_csi_driver_config": [],
                "gcs_fuse_csi_driver_config": [],
                "gke_backup_agent_config": [],
                "horizontal_pod_autoscaling": [],
                "http_load_balancing": [],
                "network_policy_config": [
                  {
                    "disabled": true
                  }
                ]
              }
            ],
            "allow_net_admin": null,
            "authenticator_groups_config": [],
            "binary_authorization": [
              {
                "enabled": false,
                "evaluation_mode": ""
              }
            ],
            "cluster_autoscaling": [
              {
                "auto_provisioning_defaults": [],
                "enabled": false,
                "resource_limits": []
              }
            ],
            "cluster_ipv4_cidr": "10.68.0.0/14",
            "confidential_nodes": [],
            "cost_management_config": [],
            "database_encryption": [
              {
                "key_name": "",
                "state": "DECRYPTED"
              }
            ],
            "datapath_provider": "",
            "default_max_pods_per_node": 110,
            "default_snat_status": [
              {
                "disabled": false
              }
            ],
            "deletion_protection": true,
            "description": "",
            "dns_config": [],
            "enable_autopilot": false,
            "enable_intranode_visibility": false,
            "enable_k8s_beta_apis": [],
            "enable_kubernetes_alpha": false,
            "enable_l4_ilb_subsetting": false,
            "enable_legacy_abac": false,
            "enable_shielded_nodes": true,
            "enable_tpu": false,
            "endpoint": "35.238.57.182",
            "fleet": [],
            "gateway_api_config": [],
            "id": "projects/ace-computer-406008/locations/us-central1/clusters/ghost",
            "identity_service_config": [],
            "initial_node_count": 0,
            "ip_allocation_policy": [
              {
                "additional_pod_ranges_config": [],
                "cluster_ipv4_cidr_block": "10.68.0.0/14",
                "cluster_secondary_range_name": "gke-ghost-pods-f2957240",
                "pod_cidr_overprovision_config": [
                  {
                    "disabled": false
                  }
                ],
                "services_ipv4_cidr_block": "10.72.0.0/20",
                "services_secondary_range_name": "gke-ghost-services-f2957240",
                "stack_type": "IPV4"
              }
            ],
            "label_fingerprint": "a9dc16a7",
            "location": "us-central1",
            "logging_config": [
              {
                "enable_components": [
                  "SYSTEM_COMPONENTS",
                  "WORKLOADS"
                ]
              }
            ],
            "logging_service": "logging.googleapis.com/kubernetes",
            "maintenance_policy": [],
            "master_auth": [
              {
                "client_certificate": "",
                "client_certificate_config": [
                  {
                    "issue_client_certificate": false
                  }
                ],
                "client_key": "",
                "cluster_ca_certificate": "LS0tLS1CRUdJTiBDRVJUSUZJQ0FURS0tLS0tCk1JSUVMVENDQXBXZ0F3SUJBZ0lSQU5EbUp3UjYxMnFSQVdTR3RHNkw1VzR3RFFZSktvWklodmNOQVFFTEJRQXcKTHpFdE1Dc0dBMVVFQXhNa056ZGlNR1l4TW1FdE1qSm1OeTAwTW1GakxUazRNMkV0TmpnNE9UTTNPVFptTkRobApNQ0FYRFRJek1URXlOekE1TVRneE0xb1lEekl3TlRNeE1URTVNVEF4T0RFeldqQXZNUzB3S3dZRFZRUURFeVEzCk4ySXdaakV5WVMweU1tWTNMVFF5WVdNdE9UZ3pZUzAyT0RnNU16YzVObVkwT0dVd2dnR2lNQTBHQ1NxR1NJYjMKRFFFQkFRVUFBNElCandBd2dnR0tBb0lCZ1FEUC9ERU9kUHowMDNYejdJVmhMZ3MzMzhneHVDa1hZS0xKY2pFVApMVC9sTVM4akRsNXBTWE51NkZTayt6c3VvNnYyQ1lSdWMxcFN0U001ellJOHRqcHI0L09Xcm5YYWxLRDhHK3dTCjRyamFJUnJJUXFMS0o0QTk1Q001VTREbFlIMUtHQWhwdFpRckp2dmV6ZnBWYXFMTEZob2E1QWo1OVJWRkhCYUIKckhDYmY3Ujd1YTVwbitvOVl2NXpHWlJ5aHZIT3pMOTJZTW9TT1pZOEhvdVRsNVJrNm8vaEhucTJOMGxEMkRVUQpzb0o0d2FKU05qOHJObmxwVWVqNUZGNUhtSDI3dFRoOWR6SGpYL29lNGxkdlA2WXlKUGk2aU9Pb0p4c0RCaWhaCjJYSEcwQTJFbmJsZXprR2pQbjdNMHlaYzF6bW1iMEtZOGllUWQzTE5aVEdmYlUxblZIU254NXJrYmt1TUdVVUwKU1ZaczFBYTI0TmNJZGZ5dTVybHF0bWZRK0o0N1lNMEQzRXBHaXl6VGwvanZLeUJOT2J0VUpka0Z6Qnk3YUlCVwplL05QNDNxb24wb3N4a1c4TzN2SlA3eEdvREttN3R5Ni82dG94cVNPNTBrVXA0NkF0Nk1QMHhTZDltb0lmOEQxCnZucGhVK1plWlAwT3FJNlJ2QWJPMXdhVytlVUNBd0VBQWFOQ01FQXdEZ1lEVlIwUEFRSC9CQVFEQWdJRU1BOEcKQTFVZEV3RUIvd1FGTUFNQkFmOHdIUVlEVlIwT0JCWUVGSVBJbVYxVlhxK0dyYk1OdlZwWk4yV0ZqQmJUTUEwRwpDU3FHU0liM0RRRUJDd1VBQTRJQmdRQllyQUd2UlpPYXlNTWJiRFNac2dZZmFwTjRwVDVDc2dmZ2JzekZxZDlMCnEvRktpWHVXMmdKZmcxZW5jQ2JkeU9ma0Q1T2QyRnE4cEFSS0d4ZkZEdXJHeldSZXNHOE0vbW54NVc4Z2RmMXEKUUFrRXQ0VE14ak9SYnQ0VStqcWN3MW13MDRpa2k4YlJhS0FNR3ZnZ1NRQnJ5RHN0czc3WGFiaXpvTFY3Y0luNgpEd3BZbml2cktjY2pTTC9kQmJWT3BEMytLa0FFQ0FqVk1ycm5vZlYrcWFJMWNhT3RLNjg2MGNQL0VsanVRSFBMCkRaUjN0Q2JnZ1dQUE1zam0xUzJlNWlFcUFrejl2c01vblFDamFDdWVhajN2OUtYU0pkc1R4V3J6MnUwdXF2cTMKck9RWXp3OGZUQVd3RURieXpGa3RmSUJiSWFsRU1KMXp3MXhDVUVEWWZFekpHYjh4WEM0RFluUGhWbTR4MXFjeAo4QjdNRU1tbCtGbjlDY3JqcEFEWFJzd2RXZkdBdjhQbE9RaSt0Wm9nMENnNzlPcHNaUGRuczJYWUo3RmZuTjJwCjNCYUxzRVBSMmpQYzNYOHUzVU14UHJGenllYU5yVWUybHpLTUNSTmFrTWRwSXkrM255bFBYUHpOeVZ4VC84RkkKMkZ2dURHak5uME1ZZjhrMFNpYkdsM1U9Ci0tLS0tRU5EIENFUlRJRklDQVRFLS0tLS0K"
              }
            ],
            "master_authorized_networks_config": [],
            "master_version": "1.27.3-gke.100",
            "mesh_certificates": [],
            "min_master_version": null,
            "monitoring_config": [
              {
                "advanced_datapath_observability_config": [
                  {
                    "enable_metrics": false,
                    "relay_mode": ""
                  }
                ],
                "enable_components": [
                  "SYSTEM_COMPONENTS"
                ],
                "managed_prometheus": [
                  {
                    "enabled": true
                  }
                ]
              }
            ],
            "monitoring_service": "monitoring.googleapis.com/kubernetes",
            "name": "ghost",
            "network": "projects/ace-computer-406008/global/networks/default",
            "network_policy": [
              {
                "enabled": false,
                "provider": "PROVIDER_UNSPECIFIED"
              }
            ],
            "networking_mode": "VPC_NATIVE",
            "node_config": [
              {
                "advanced_machine_features": [],
                "boot_disk_kms_key": "",
                "confidential_nodes": [],
                "disk_size_gb": 100,
                "disk_type": "pd-balanced",
                "effective_taints": [],
                "ephemeral_storage_local_ssd_config": [],
                "fast_socket": [],
                "gcfs_config": [],
                "guest_accelerator": [],
                "gvnic": [],
                "host_maintenance_policy": [],
                "image_type": "COS_CONTAINERD",
                "kubelet_config": [],
                "labels": {},
                "linux_node_config": [],
                "local_nvme_ssd_block_config": [],
                "local_ssd_count": 0,
                "logging_variant": "DEFAULT",
                "machine_type": "e2-medium",
                "metadata": {
                  "disable-legacy-endpoints": "true"
                },
                "min_cpu_platform": "",
                "node_group": "",
                "oauth_scopes": [
                  "https://www.googleapis.com/auth/devstorage.read_only",
                  "https://www.googleapis.com/auth/logging.write",
                  "https://www.googleapis.com/auth/monitoring",
                  "https://www.googleapis.com/auth/service.management.readonly",
                  "https://www.googleapis.com/auth/servicecontrol",
                  "https://www.googleapis.com/auth/trace.append"
                ],
                "preemptible": false,
                "reservation_affinity": [],
                "resource_labels": {},
                "service_account": "default",
                "shielded_instance_config": [
                  {
                    "enable_integrity_monitoring": true,
                    "enable_secure_boot": false
                  }
                ],
                "sole_tenant_config": [],
                "spot": false,
                "tags": [],
                "taint": [],
                "workload_metadata_config": []
              }
            ],
            "node_locations": [
              "us-central1-b",
              "us-central1-c",
              "us-central1-f"
            ],
            "node_pool": [
              {
                "autoscaling": [],
                "initial_node_count": 1,
                "instance_group_urls": [
                  "https://www.googleapis.com/compute/v1/projects/ace-computer-406008/zones/us-central1-c/instanceGroupManagers/gke-ghost-default-pool-f2e921d1-grp",
                  "https://www.googleapis.com/compute/v1/projects/ace-computer-406008/zones/us-central1-f/instanceGroupManagers/gke-ghost-default-pool-c8838cf1-grp",
                  "https://www.googleapis.com/compute/v1/projects/ace-computer-406008/zones/us-central1-b/instanceGroupManagers/gke-ghost-default-pool-b6c9a64b-grp"
                ],
                "managed_instance_group_urls": [
                  "https://www.googleapis.com/compute/v1/projects/ace-computer-406008/zones/us-central1-c/instanceGroups/gke-ghost-default-pool-f2e921d1-grp",
                  "https://www.googleapis.com/compute/v1/projects/ace-computer-406008/zones/us-central1-f/instanceGroups/gke-ghost-default-pool-c8838cf1-grp",
                  "https://www.googleapis.com/compute/v1/projects/ace-computer-406008/zones/us-central1-b/instanceGroups/gke-ghost-default-pool-b6c9a64b-grp"
                ],
                "management": [
                  {
                    "auto_repair": true,
                    "auto_upgrade": true
                  }
                ],
                "max_pods_per_node": 110,
                "name": "default-pool",
                "name_prefix": "",
                "network_config": [
                  {
                    "create_pod_range": false,
                    "enable_private_nodes": false,
                    "pod_cidr_overprovision_config": [],
                    "pod_ipv4_cidr_block": "10.68.0.0/14",
                    "pod_range": "gke-ghost-pods-f2957240"
                  }
                ],
                "node_config": [
                  {
                    "advanced_machine_features": [],
                    "boot_disk_kms_key": "",
                    "confidential_nodes": [],
                    "disk_size_gb": 100,
                    "disk_type": "pd-balanced",
                    "effective_taints": [],
                    "ephemeral_storage_local_ssd_config": [],
                    "fast_socket": [],
                    "gcfs_config": [],
                    "guest_accelerator": [],
                    "gvnic": [],
                    "host_maintenance_policy": [],
                    "image_type": "COS_CONTAINERD",
                    "kubelet_config": [],
                    "labels": {},
                    "linux_node_config": [],
                    "local_nvme_ssd_block_config": [],
                    "local_ssd_count": 0,
                    "logging_variant": "DEFAULT",
                    "machine_type": "e2-medium",
                    "metadata": {
                      "disable-legacy-endpoints": "true"
                    },
                    "min_cpu_platform": "",
                    "node_group": "",
                    "oauth_scopes": [
                      "https://www.googleapis.com/auth/devstorage.read_only",
                      "https://www.googleapis.com/auth/logging.write",
                      "https://www.googleapis.com/auth/monitoring",
                      "https://www.googleapis.com/auth/service.management.readonly",
                      "https://www.googleapis.com/auth/servicecontrol",
                      "https://www.googleapis.com/auth/trace.append"
                    ],
                    "preemptible": false,
                    "reservation_affinity": [],
                    "resource_labels": {},
                    "service_account": "default",
                    "shielded_instance_config": [
                      {
                        "enable_integrity_monitoring": true,
                        "enable_secure_boot": false
                      }
                    ],
                    "sole_tenant_config": [],
                    "spot": false,
                    "tags": [],
                    "taint": [],
                    "workload_metadata_config": []
                  }
                ],
                "node_count": 1,
                "node_locations": [
                  "us-central1-b",
                  "us-central1-c",
                  "us-central1-f"
                ],
                "placement_policy": [],
                "upgrade_settings": [
                  {
                    "blue_green_settings": [],
                    "max_surge": 1,
                    "max_unavailable": 0,
                    "strategy": "SURGE"
                  }
                ],
                "version": "1.27.3-gke.100"
              }
            ],
            "node_pool_auto_config": [],
            "node_pool_defaults": [
              {
                "node_config_defaults": [
                  {
                    "logging_variant": "DEFAULT"
                  }
                ]
              }
            ],
            "node_version": "1.27.3-gke.100",
            "notification_config": [
              {
                "pubsub": [
                  {
                    "enabled": false,
                    "filter": [],
                    "topic": ""
                  }
                ]
              }
            ],
            "operation": null,
            "private_cluster_config": [
              {
                "enable_private_endpoint": false,
                "enable_private_nodes": false,
                "master_global_access_config": [
                  {
                    "enabled": false
                  }
                ],
                "master_ipv4_cidr_block": "",
                "peering_name": "",
                "private_endpoint": "10.128.0.25",
                "private_endpoint_subnetwork": "",
                "public_endpoint": "35.238.57.182"
              }
            ],
            "private_ipv6_google_access": "",
            "project": "ace-computer-406008",
            "release_channel": [
              {
                "channel": "REGULAR"
              }
            ],
            "remove_default_node_pool": null,
            "resource_labels": null,
            "resource_usage_export_config": [],
            "security_posture_config": [
              {
                "mode": "BASIC",
                "vulnerability_mode": "VULNERABILITY_MODE_UNSPECIFIED"
              }
            ],
            "self_link": "https://container.googleapis.com/v1/projects/ace-computer-406008/locations/us-central1/clusters/ghost",
            "service_external_ips_config": [
              {
                "enabled": false
              }
            ],
            "services_ipv4_cidr": "10.72.0.0/20",
            "subnetwork": "projects/ace-computer-406008/regions/us-central1/subnetworks/default",
            "timeouts": null,
            "tpu_ipv4_cidr_block": "",
            "vertical_pod_autoscaling": [],
            "workload_identity_config": []
          },
          "sensitive_attributes": [],
          "private": "eyJlMmJmYjczMC1lY2FhLTExZTYtOGY4OC0zNDM2M2JjN2M0YzAiOnsiY3JlYXRlIjoyNDAwMDAwMDAwMDAwLCJkZWxldGUiOjI0MDAwMDAwMDAwMDAsInJlYWQiOjI0MDAwMDAwMDAwMDAsInVwZGF0ZSI6MzYwMDAwMDAwMDAwMH0sInNjaGVtYV92ZXJzaW9uIjoiMiJ9"
        }
      ]
    },
    {
      "mode": "managed",
      "type": "null_resource",
      "name": "clone_repo",
      "provider": "provider[\"registry.terraform.io/hashicorp/null\"]",
      "instances": [
        {
          "status": "tainted",
          "schema_version": 0,
          "attributes": {
            "id": "5911770704156740149",
            "triggers": null
          },
          "sensitive_attributes": []
        }
      ]
    }
  ],
  "check_results": null
}
